github.com/julienschmidt/httprouter v1.3.0 h1:U0609e9tgbseu3rBINet9P48AI/D3oJs4dN7jwJOQ1U=
github.com/julienschmidt/httprouter v1.3.0/go.mod h1:JR6WtHb+2LUe8TCKY3cZOxFyyO8IZAc4RVcycCCAKdM=
github.com/noelukwa/tempest v0.0.0-20221119190455-8a6c7f438176 h1:mxsTA7bhDuklALphytXZbI9qhE0jHxY+/dy0jdaj/qQ=
github.com/noelukwa/tempest v0.0.0-20221119190455-8a6c7f438176/go.mod h1:xKE4PXHimHsiohHlGcoumLMIF+UGG/0DHY69iG1VYdw=
github.com/noelukwa/tempest v1.0.0 h1:rkWOp1esCSNIC/wxWmFjGLi9In+TfYOVlCTsxi8WfGA=
github.com/noelukwa/tempest v1.0.0/go.mod h1:xKE4PXHimHsiohHlGcoumLMIF+UGG/0DHY69iG1VYdw=
